Microsoft Visual Studio Solution File, Format Version 12.00
# Visual Studio Version 16
VisualStudioVersion = 16.0.29215.179
MinimumVisualStudioVersion = 10.0.40219.1
Project("{9A19103F-16F7-4668-BE54-9A1E7A4F7556}") = "NekoPetShop.Core", "NekoPetShop.Core\NekoPetShop.Core.csproj", "{89623DB3-E7AD-41DC-B15B-557AC7152687}"
EndProject
Project("{9A19103F-16F7-4668-BE54-9A1E7A4F7556}") = "NekoPetShop.Core.Entity", "NekoPetShop.Core.Entity\NekoPetShop.Core.Entity.csproj", "{A777A8B8-179B-4159-8D6A-39613DE69E6C}"
EndProject
Project("{9A19103F-16F7-4668-BE54-9A1E7A4F7556}") = "NekoPetShop.UI.ConsoleApp", "NekoPetShop.UI.ConsoleApp\NekoPetShop.UI.ConsoleApp.csproj", "{2434F52E-8BB2-4A53-89D9-C9B0C2E866BE}"
EndProject
Project("{2150E333-8FDC-42A3-9474-1A3956D46DE8}") = "UI", "UI", "{170CA4FA-22D0-400D-9D44-A294E44E8F41}"
EndProject
Project("{2150E333-8FDC-42A3-9474-1A3956D46DE8}") = "Infastructure", "Infastructure", "{40C0A26F-37C4-4865-846D-4B1557ECFE97}"
EndProject
Project("{2150E333-8FDC-42A3-9474-1A3956D46DE8}") = "Core", "Core", "{EC99D80C-6730-47B4-9F9F-DEAA02BD8707}"
EndProject
Project("{9A19103F-16F7-4668-BE54-9A1E7A4F7556}") = "NekoPetShop.UI.RestAPI", "NekoPetShop.UI.RestAPI\NekoPetShop.UI.RestAPI.csproj", "{D38CFC32-D23A-48F6-B45C-B284CAF3AD26}"
EndProject
Project("{9A19103F-16F7-4668-BE54-9A1E7A4F7556}") = "NekoPetShop.Infrastructure.SQLData", "NekoPetShop.Infrastructure.SQLData\NekoPetShop.Infrastructure.SQLData.csproj", "{5CB94636-F55F-434F-BC6B-7A4036B424D8}"
EndProject
Project("{9A19103F-16F7-4668-BE54-9A1E7A4F7556}") = "NekoPetShop.Infrastructure.FakeData", "NekoPetShop.Infrastructure.FakeData\NekoPetShop.Infrastructure.FakeData.csproj", "{ABA5734C-2979-4ED9-B02F-5C32D2AA5AA5}"
EndProject
Project("{2150E333-8FDC-42A3-9474-1A3956D46DE8}") = "Tests", "Tests", "{B1BB99F8-A0C5-4864-BCF4-4A965CA4A6D6}"
EndProject
Project("{FAE04EC0-301F-11D3-BF4B-00C04F79EFBC}") = "NekoPetShop.Tests", "NekoPetShop.Tests\NekoPetShop.Tests.csproj", "{DCA7B636-3BFD-42EF-8D45-445FFF9E1A05}"
EndProject
Global
	GlobalSection(SolutionConfigurationPlatforms) = preSolution
		Debug|Any CPU = Debug|Any CPU
		Release|Any CPU = Release|Any CPU
	EndGlobalSection
	GlobalSection(ProjectConfigurationPlatforms) = postSolution
		{89623DB3-E7AD-41DC-B15B-557AC7152687}.Debug|Any CPU.ActiveCfg = Debug|Any CPU
		{89623DB3-E7AD-41DC-B15B-557AC7152687}.Debug|Any CPU.Build.0 = Debug|Any CPU
		{89623DB3-E7AD-41DC-B15B-557AC7152687}.Release|Any CPU.ActiveCfg = Release|Any CPU
		{89623DB3-E7AD-41DC-B15B-557AC7152687}.Release|Any CPU.Build.0 = Release|Any CPU
		{A777A8B8-179B-4159-8D6A-39613DE69E6C}.Debug|Any CPU.ActiveCfg = Debug|Any CPU
		{A777A8B8-179B-4159-8D6A-39613DE69E6C}.Debug|Any CPU.Build.0 = Debug|Any CPU
		{A777A8B8-179B-4159-8D6A-39613DE69E6C}.Release|Any CPU.ActiveCfg = Release|Any CPU
		{A777A8B8-179B-4159-8D6A-39613DE69E6C}.Release|Any CPU.Build.0 = Release|Any CPU
		{2434F52E-8BB2-4A53-89D9-C9B0C2E866BE}.Debug|Any CPU.ActiveCfg = Debug|Any CPU
		{2434F52E-8BB2-4A53-89D9-C9B0C2E866BE}.Debug|Any CPU.Build.0 = Debug|Any CPU
		{2434F52E-8BB2-4A53-89D9-C9B0C2E866BE}.Release|Any CPU.ActiveCfg = Release|Any CPU
		{2434F52E-8BB2-4A53-89D9-C9B0C2E866BE}.Release|Any CPU.Build.0 = Release|Any CPU
		{D38CFC32-D23A-48F6-B45C-B284CAF3AD26}.Debug|Any CPU.ActiveCfg = Debug|Any CPU
		{D38CFC32-D23A-48F6-B45C-B284CAF3AD26}.Debug|Any CPU.Build.0 = Debug|Any CPU
		{D38CFC32-D23A-48F6-B45C-B284CAF3AD26}.Release|Any CPU.ActiveCfg = Release|Any CPU
		{D38CFC32-D23A-48F6-B45C-B284CAF3AD26}.Release|Any CPU.Build.0 = Release|Any CPU
		{5CB94636-F55F-434F-BC6B-7A4036B424D8}.Debug|Any CPU.ActiveCfg = Debug|Any CPU
		{5CB94636-F55F-434F-BC6B-7A4036B424D8}.Debug|Any CPU.Build.0 = Debug|Any CPU
		{5CB94636-F55F-434F-BC6B-7A4036B424D8}.Release|Any CPU.ActiveCfg = Release|Any CPU
		{5CB94636-F55F-434F-BC6B-7A4036B424D8}.Release|Any CPU.Build.0 = Release|Any CPU
		{ABA5734C-2979-4ED9-B02F-5C32D2AA5AA5}.Debug|Any CPU.ActiveCfg = Debug|Any CPU
		{ABA5734C-2979-4ED9-B02F-5C32D2AA5AA5}.Debug|Any CPU.Build.0 = Debug|Any CPU
		{ABA5734C-2979-4ED9-B02F-5C32D2AA5AA5}.Release|Any CPU.ActiveCfg = Release|Any CPU
		{ABA5734C-2979-4ED9-B02F-5C32D2AA5AA5}.Release|Any CPU.Build.0 = Release|Any CPU
		{DCA7B636-3BFD-42EF-8D45-445FFF9E1A05}.Debug|Any CPU.ActiveCfg = Debug|Any CPU
		{DCA7B636-3BFD-42EF-8D45-445FFF9E1A05}.Debug|Any CPU.Build.0 = Debug|Any CPU
		{DCA7B636-3BFD-42EF-8D45-445FFF9E1A05}.Release|Any CPU.ActiveCfg = Release|Any CPU
		{DCA7B636-3BFD-42EF-8D45-445FFF9E1A05}.Release|Any CPU.Build.0 = Release|Any CPU
	EndGlobalSection
	GlobalSection(SolutionProperties) = preSolution
		HideSolutionNode = FALSE
	EndGlobalSection
	GlobalSection(NestedProjects) = preSolution
		{89623DB3-E7AD-41DC-B15B-557AC7152687} = {EC99D80C-6730-47B4-9F9F-DEAA02BD8707}
		{A777A8B8-179B-4159-8D6A-39613DE69E6C} = {EC99D80C-6730-47B4-9F9F-DEAA02BD8707}
		{2434F52E-8BB2-4A53-89D9-C9B0C2E866BE} = {170CA4FA-22D0-400D-9D44-A294E44E8F41}
		{D38CFC32-D23A-48F6-B45C-B284CAF3AD26} = {170CA4FA-22D0-400D-9D44-A294E44E8F41}
		{5CB94636-F55F-434F-BC6B-7A4036B424D8} = {40C0A26F-37C4-4865-846D-4B1557ECFE97}
		{ABA5734C-2979-4ED9-B02F-5C32D2AA5AA5} = {40C0A26F-37C4-4865-846D-4B1557ECFE97}
		{DCA7B636-3BFD-42EF-8D45-445FFF9E1A05} = {B1BB99F8-A0C5-4864-BCF4-4A965CA4A6D6}
	EndGlobalSection
	GlobalSection(ExtensibilityGlobals) = postSolution
		SolutionGuid = {68E5F8C0-D613-481C-BF3F-63C0E6127A26}
	EndGlobalSection
EndGlobal
